// !$*UTF8*$!
{
	archiveVersion = 1;
	classes = {
	};
	objectVersion = 55;
	objects = {

/* Begin PBXBuildFile section */
		B4020D73281E86F8001A6E83 /* DetailViewController.swift in Sources */ = {isa = PBXBuildFile; fileRef = B4020D72281E86F8001A6E83 /* DetailViewController.swift */; };
		B4B4E55B281E61C100DE05FC /* AppDelegate.swift in Sources */ = {isa = PBXBuildFile; fileRef = B4B4E55A281E61C100DE05FC /* AppDelegate.swift */; };
		B4B4E55D281E61C100DE05FC /* SceneDelegate.swift in Sources */ = {isa = PBXBuildFile; fileRef = B4B4E55C281E61C100DE05FC /* SceneDelegate.swift */; };
		B4B4E55F281E61C100DE05FC /* ViewController.swift in Sources */ = {isa = PBXBuildFile; fileRef = B4B4E55E281E61C100DE05FC /* ViewController.swift */; };
		B4B4E562281E61C100DE05FC /* Main.storyboard in Resources */ = {isa = PBXBuildFile; fileRef = B4B4E560281E61C100DE05FC /* Main.storyboard */; };
		B4B4E564281E61C200DE05FC /* Assets.xcassets in Resources */ = {isa = PBXBuildFile; fileRef = B4B4E563281E61C200DE05FC /* Assets.xcassets */; };
		B4B4E567281E61C200DE05FC /* LaunchScreen.storyboard in Resources */ = {isa = PBXBuildFile; fileRef = B4B4E565281E61C200DE05FC /* LaunchScreen.storyboard */; };
		B4B4E579281E632700DE05FC /* nssl0049.jpg in Resources */ = {isa = PBXBuildFile; fileRef = B4B4E56F281E632700DE05FC /* nssl0049.jpg */; };
		B4B4E57A281E632700DE05FC /* nssl0046.jpg in Resources */ = {isa = PBXBuildFile; fileRef = B4B4E570281E632700DE05FC /* nssl0046.jpg */; };
		B4B4E57B281E632700DE05FC /* nssl0091.jpg in Resources */ = {isa = PBXBuildFile; fileRef = B4B4E571281E632700DE05FC /* nssl0091.jpg */; };
		B4B4E57C281E632700DE05FC /* nssl0045.jpg in Resources */ = {isa = PBXBuildFile; fileRef = B4B4E572281E632700DE05FC /* nssl0045.jpg */; };
		B4B4E57D281E632700DE05FC /* nssl0051.jpg in Resources */ = {isa = PBXBuildFile; fileRef = B4B4E573281E632700DE05FC /* nssl0051.jpg */; };
		B4B4E57E281E632700DE05FC /* nssl0041.jpg in Resources */ = {isa = PBXBuildFile; fileRef = B4B4E574281E632700DE05FC /* nssl0041.jpg */; };
		B4B4E57F281E632700DE05FC /* nssl0042.jpg in Resources */ = {isa = PBXBuildFile; fileRef = B4B4E575281E632700DE05FC /* nssl0042.jpg */; };
		B4B4E580281E632700DE05FC /* nssl0043.jpg in Resources */ = {isa = PBXBuildFile; fileRef = B4B4E576281E632700DE05FC /* nssl0043.jpg */; };
		B4B4E581281E632700DE05FC /* nssl0033.jpg in Resources */ = {isa = PBXBuildFile; fileRef = B4B4E577281E632700DE05FC /* nssl0033.jpg */; };
		B4B4E582281E632700DE05FC /* nssl0034.jpg in Resources */ = {isa = PBXBuildFile; fileRef = B4B4E578281E632700DE05FC /* nssl0034.jpg */; };
/* End PBXBuildFile section */

/* Begin PBXFileReference section */
		B4020D72281E86F8001A6E83 /* DetailViewController.swift */ = {isa = PBXFileReference; lastKnownFileType = sourcecode.swift; path = DetailViewController.swift; sourceTree = "<group>"; };
		B4B4E557281E61C100DE05FC /* StromViewer.app */ = {isa = PBXFileReference; explicitFileType = wrapper.application; includeInIndex = 0; path = StromViewer.app; sourceTree = BUILT_PRODUCTS_DIR; };
		B4B4E55A281E61C100DE05FC /* AppDelegate.swift */ = {isa = PBXFileReference; lastKnownFileType = sourcecode.swift; path = AppDelegate.swift; sourceTree = "<group>"; };
		B4B4E55C281E61C100DE05FC /* SceneDelegate.swift */ = {isa = PBXFileReference; lastKnownFileType = sourcecode.swift; path = SceneDelegate.swift; sourceTree = "<group>"; };
		B4B4E55E281E61C100DE05FC /* ViewController.swift */ = {isa = PBXFileReference; lastKnownFileType = sourcecode.swift; path = ViewController.swift; sourceTree = "<group>"; };
		B4B4E561281E61C100DE05FC /* Base */ = {isa = PBXFileReference; lastKnownFileType = file.storyboard; name = Base; path = Base.lproj/Main.storyboard; sourceTree = "<group>"; };
		B4B4E563281E61C200DE05FC /* Assets.xcassets */ = {isa = PBXFileReference; lastKnownFileType = folder.assetcatalog; path = Assets.xcassets; sourceTree = "<group>"; };
		B4B4E566281E61C200DE05FC /* Base */ = {isa = PBXFileReference; lastKnownFileType = file.storyboard; name = Base; path = Base.lproj/LaunchScreen.storyboard; sourceTree = "<group>"; };
		B4B4E568281E61C200DE05FC /* Info.plist */ = {isa = PBXFileReference; lastKnownFileType = text.plist.xml; path = Info.plist; sourceTree = "<group>"; };
		B4B4E56F281E632700DE05FC /* nssl0049.jpg */ = {isa = PBXFileReference; lastKnownFileType = image.jpeg; path = nssl0049.jpg; sourceTree = "<group>"; };
		B4B4E570281E632700DE05FC /* nssl0046.jpg */ = {isa = PBXFileReference; lastKnownFileType = image.jpeg; path = nssl0046.jpg; sourceTree = "<group>"; };
		B4B4E571281E632700DE05FC /* nssl0091.jpg */ = {isa = PBXFileReference; lastKnownFileType = image.jpeg; path = nssl0091.jpg; sourceTree = "<group>"; };
		B4B4E572281E632700DE05FC /* nssl0045.jpg */ = {isa = PBXFileReference; lastKnownFileType = image.jpeg; path = nssl0045.jpg; sourceTree = "<group>"; };
		B4B4E573281E632700DE05FC /* nssl0051.jpg */ = {isa = PBXFileReference; lastKnownFileType = image.jpeg; path = nssl0051.jpg; sourceTree = "<group>"; };
		B4B4E574281E632700DE05FC /* nssl0041.jpg */ = {isa = PBXFileReference; lastKnownFileType = image.jpeg; path = nssl0041.jpg; sourceTree = "<group>"; };
		B4B4E575281E632700DE05FC /* nssl0042.jpg */ = {isa = PBXFileReference; lastKnownFileType = image.jpeg; path = nssl0042.jpg; sourceTree = "<group>"; };
		B4B4E576281E632700DE05FC /* nssl0043.jpg */ = {isa = PBXFileReference; lastKnownFileType = image.jpeg; path = nssl0043.jpg; sourceTree = "<group>"; };
		B4B4E577281E632700DE05FC /* nssl0033.jpg */ = {isa = PBXFileReference; lastKnownFileType = image.jpeg; path = nssl0033.jpg; sourceTree = "<group>"; };
		B4B4E578281E632700DE05FC /* nssl0034.jpg */ = {isa = PBXFileReference; lastKnownFileType = image.jpeg; path = nssl0034.jpg; sourceTree = "<group>"; };
/* End PBXFileReference section */

/* Begin PBXFrameworksBuildPhase section */
		B4B4E554281E61C100DE05FC /* Frameworks */ = {
			isa = PBXFrameworksBuildPhase;
			buildActionMask = 2147483647;
			files = (
			);
			runOnlyForDeploymentPostprocessing = 0;
		};
/* End PBXFrameworksBuildPhase section */

/* Begin PBXGroup section */
		B4B4E54E281E61C000DE05FC = {
			isa = PBXGroup;
			children = (
				B4B4E559281E61C100DE05FC /* StromViewer */,
				B4B4E558281E61C100DE05FC /* Products */,
			);
			sourceTree = "<group>";
		};
		B4B4E558281E61C100DE05FC /* Products */ = {
			isa = PBXGroup;
			children = (
				B4B4E557281E61C100DE05FC /* StromViewer.app */,
			);
			name = Products;
			sourceTree = "<group>";
		};
		B4B4E559281E61C100DE05FC /* StromViewer */ = {
			isa = PBXGroup;
			children = (
				B4B4E55A281E61C100DE05FC /* AppDelegate.swift */,
				B4B4E55C281E61C100DE05FC /* SceneDelegate.swift */,
				B4B4E55E281E61C100DE05FC /* ViewController.swift */,
				B4020D72281E86F8001A6E83 /* DetailViewController.swift */,
				B4B4E560281E61C100DE05FC /* Main.storyboard */,
				B4B4E563281E61C200DE05FC /* Assets.xcassets */,
				B4B4E565281E61C200DE05FC /* LaunchScreen.storyboard */,
				B4B4E568281E61C200DE05FC /* Info.plist */,
				B4B4E56E281E632700DE05FC /* Content */,
			);
			path = StromViewer;
			sourceTree = "<group>";
		};
		B4B4E56E281E632700DE05FC /* Content */ = {
			isa = PBXGroup;
			children = (
				B4B4E56F281E632700DE05FC /* nssl0049.jpg */,
				B4B4E570281E632700DE05FC /* nssl0046.jpg */,
				B4B4E571281E632700DE05FC /* nssl0091.jpg */,
				B4B4E572281E632700DE05FC /* nssl0045.jpg */,
				B4B4E573281E632700DE05FC /* nssl0051.jpg */,
				B4B4E574281E632700DE05FC /* nssl0041.jpg */,
				B4B4E575281E632700DE05FC /* nssl0042.jpg */,
				B4B4E576281E632700DE05FC /* nssl0043.jpg */,
				B4B4E577281E632700DE05FC /* nssl0033.jpg */,
				B4B4E578281E632700DE05FC /* nssl0034.jpg */,
			);
			path = Content;
			sourceTree = "<group>";
		};
/* End PBXGroup section */

/* Begin PBXNativeTarget section */
		B4B4E556281E61C100DE05FC /* StromViewer */ = {
			isa = PBXNativeTarget;
			buildConfigurationList = B4B4E56B281E61C200DE05FC /* Build configuration list for PBXNativeTarget "StromViewer" */;
			buildPhases = (
				B4B4E553281E61C100DE05FC /* Sources */,
				B4B4E554281E61C100DE05FC /* Frameworks */,
				B4B4E555281E61C100DE05FC /* Resources */,
			);
			buildRules = (
			);
			dependencies = (
			);
			name = StromViewer;
			productName = StromViewer;
			productReference = B4B4E557281E61C100DE05FC /* StromViewer.app */;
			productType = "com.apple.product-type.application";
		};
/* End PBXNativeTarget section */

/* Begin PBXProject section */
		B4B4E54F281E61C000DE05FC /* Project object */ = {
			isa = PBXProject;
			attributes = {
				BuildIndependentTargetsInParallel = 1;
				LastSwiftUpdateCheck = 1330;
				LastUpgradeCheck = 1330;
				TargetAttributes = {
					B4B4E556281E61C100DE05FC = {
						CreatedOnToolsVersion = 13.3.1;
					};
				};
			};
			buildConfigurationList = B4B4E552281E61C100DE05FC /* Build configuration list for PBXProject "StromViewer" */;
			compatibilityVersion = "Xcode 13.0";
			developmentRegion = en;
			hasScannedForEncodings = 0;
			knownRegions = (
				en,
				Base,
			);
			mainGroup = B4B4E54E281E61C000DE05FC;
			productRefGroup = B4B4E558281E61C100DE05FC /* Products */;
			projectDirPath = "";
			projectRoot = "";
			targets = (
				B4B4E556281E61C100DE05FC /* StromViewer */,
			);
		};
/* End PBXProject section */

/* Begin PBXResourcesBuildPhase section */
		B4B4E555281E61C100DE05FC /* Resources */ = {
			isa = PBXResourcesBuildPhase;
			buildActionMask = 2147483647;
			files = (
				B4B4E57A281E632700DE05FC /* nssl0046.jpg in Resources */,
				B4B4E581281E632700DE05FC /* nssl0033.jpg in Resources */,
				B4B4E57D281E632700DE05FC /* nssl0051.jpg in Resources */,
				B4B4E57B281E632700DE05FC /* nssl0091.jpg in Resources */,
				B4B4E580281E632700DE05FC /* nssl0043.jpg in Resources */,
				B4B4E582281E632700DE05FC /* nssl0034.jpg in Resources */,
				B4B4E579281E632700DE05FC /* nssl0049.jpg in Resources */,
				B4B4E57E281E632700DE05FC /* nssl0041.jpg in Resources */,
				B4B4E57F281E632700DE05FC /* nssl0042.jpg in Resources */,
				B4B4E567281E61C200DE05FC /* LaunchScreen.storyboard in Resources */,
				B4B4E564281E61C200DE05FC /* Assets.xcassets in Resources */,
				B4B4E57C281E632700DE05FC /* nssl0045.jpg in Resources */,
				B4B4E562281E61C100DE05FC /* Main.storyboard in Resources */,
			);
			runOnlyForDeploymentPostprocessing = 0;
		};
/* End PBXResourcesBuildPhase section */

/* Begin PBXSourcesBuildPhase section */
		B4B4E553281E61C100DE05FC /* Sources */ = {
			isa = PBXSourcesBuildPhase;
			buildActionMask = 2147483647;
			files = (
				B4B4E55F281E61C100DE05FC /* ViewController.swift in Sources */,
				B4B4E55B281E61C100DE05FC /* AppDelegate.swift in Sources */,
				B4B4E55D281E61C100DE05FC /* SceneDelegate.swift in Sources */,
				B4020D73281E86F8001A6E83 /* DetailViewController.swift in Sources */,
			);
			runOnlyForDeploymentPostprocessing = 0;
		};
/* End PBXSourcesBuildPhase section */

/* Begin PBXVariantGroup section */
		B4B4E560281E61C100DE05FC /* Main.storyboard */ = {
			isa = PBXVariantGroup;
			children = (
				B4B4E561281E61C100DE05FC /* Base */,
			);
			name = Main.storyboard;
			sourceTree = "<group>";
		};
		B4B4E565281E61C200DE05FC /* LaunchScreen.storyboard */ = {
			isa = PBXVariantGroup;
			children = (
				B4B4E566281E61C200DE05FC /* Base */,
			);
			name = LaunchScreen.storyboard;
			sourceTree = "<group>";
		};
/* End PBXVariantGroup section */

/* Begin XCBuildConfiguration section */
		B4B4E569281E61C200DE05FC /* Debug */ = {
			isa = XCBuildConfiguration;
			buildSettings = {
				ALWAYS_SEARCH_USER_PATHS = NO;
				CLANG_ANALYZER_NONNULL = YES;
				CLANG_ANALYZER_NUMBER_OBJECT_CONVERSION = YES_AGGRESSIVE;
				CLANG_CXX_LANGUAGE_STANDARD = "gnu++17";
				CLANG_ENABLE_MODULES = YES;
				CLANG_ENABLE_OBJC_ARC = YES;
				CLANG_ENABLE_OBJC_WEAK = YES;
				CLANG_WARN_BLOCK_CAPTURE_AUTORELEASING = YES;
				CLANG_WARN_BOOL_CONVERSION = YES;
				CLANG_WARN_COMMA = YES;
				CLANG_WARN_CONSTANT_CONVERSION = YES;
				CLANG_WARN_DEPRECATED_OBJC_IMPLEMENTATIONS = YES;
				CLANG_WARN_DIRECT_OBJC_ISA_USAGE = YES_ERROR;
				CLANG_WARN_DOCUMENTATION_COMMENTS = YES;
				CLANG_WARN_EMPTY_BODY = YES;
				CLANG_WARN_ENUM_CONVERSION = YES;
				CLANG_WARN_INFINITE_RECURSION = YES;
				CLANG_WARN_INT_CONVERSION = YES;
				CLANG_WARN_NON_LITERAL_NULL_CONVERSION = YES;
				CLANG_WARN_OBJC_IMPLICIT_RETAIN_SELF = YES;
				CLANG_WARN_OBJC_LITERAL_CONVERSION = YES;
				CLANG_WARN_OBJC_ROOT_CLASS = YES_ERROR;
				CLANG_WARN_QUOTED_INCLUDE_IN_FRAMEWORK_HEADER = YES;
				CLANG_WARN_RANGE_LOOP_ANALYSIS = YES;
				CLANG_WARN_STRICT_PROTOTYPES = YES;
				CLANG_WARN_SUSPICIOUS_MOVE = YES;
				CLANG_WARN_UNGUARDED_AVAILABILITY = YES_AGGRESSIVE;
				CLANG_WARN_UNREACHABLE_CODE = YES;
				CLANG_WARN__DUPLICATE_METHOD_MATCH = YES;
				COPY_PHASE_STRIP = NO;
				DEBUG_INFORMATION_FORMAT = dwarf;
				ENABLE_STRICT_OBJC_MSGSEND = YES;
				ENABLE_TESTABILITY = YES;
				GCC_C_LANGUAGE_STANDARD = gnu11;
				GCC_DYNAMIC_NO_PIC = NO;
				GCC_NO_COMMON_BLOCKS = YES;
				GCC_OPTIMIZATION_LEVEL = 0;
				GCC_PREPROCESSOR_DEFINITIONS = (
					"DEBUG=1",
					"$(inherited)",
				);
				GCC_WARN_64_TO_32_BIT_CONVERSION = YES;
				GCC_WARN_ABOUT_RETURN_TYPE = YES_ERROR;
				GCC_WARN_UNDECLARED_SELECTOR = YES;
				GCC_WARN_UNINITIALIZED_AUTOS = YES_AGGRESSIVE;
				GCC_WARN_UNUSED_FUNCTION = YES;
				GCC_WARN_UNUSED_VARIABLE = YES;
				IPHONEOS_DEPLOYMENT_TARGET = 15.4;
				MTL_ENABLE_DEBUG_INFO = INCLUDE_SOURCE;
				MTL_FAST_MATH = YES;
				ONLY_ACTIVE_ARCH = YES;
				SDKROOT = iphoneos;
				SWIFT_ACTIVE_COMPILATION_CONDITIONS = DEBUG;
				SWIFT_OPTIMIZATION_LEVEL = "-Onone";
			};
			name = Debug;
		};
		B4B4E56A281E61C200DE05FC /* Release */ = {
			isa = XCBuildConfiguration;
			buildSettings = {
				ALWAYS_SEARCH_USER_PATHS = NO;
				CLANG_ANALYZER_NONNULL = YES;
				CLANG_ANALYZER_NUMBER_OBJECT_CONVERSION = YES_AGGRESSIVE;
				CLANG_CXX_LANGUAGE_STANDARD = "gnu++17";
				CLANG_ENABLE_MODULES = YES;
				CLANG_ENABLE_OBJC_ARC = YES;
				CLANG_ENABLE_OBJC_WEAK = YES;
				CLANG_WARN_BLOCK_CAPTURE_AUTORELEASING = YES;
				CLANG_WARN_BOOL_CONVERSION = YES;
				CLANG_WARN_COMMA = YES;
				CLANG_WARN_CONSTANT_CONVERSION = YES;
				CLANG_WARN_DEPRECATED_OBJC_IMPLEMENTATIONS = YES;
				CLANG_WARN_DIRECT_OBJC_ISA_USAGE = YES_ERROR;
				CLANG_WARN_DOCUMENTATION_COMMENTS = YES;
				CLANG_WARN_EMPTY_BODY = YES;
				CLANG_WARN_ENUM_CONVERSION = YES;
				CLANG_WARN_INFINITE_RECURSION = YES;
				CLANG_WARN_INT_CONVERSION = YES;
				CLANG_WARN_NON_LITERAL_NULL_CONVERSION = YES;
				CLANG_WARN_OBJC_IMPLICIT_RETAIN_SELF = YES;
				CLANG_WARN_OBJC_LITERAL_CONVERSION = YES;
				CLANG_WARN_OBJC_ROOT_CLASS = YES_ERROR;
				CLANG_WARN_QUOTED_INCLUDE_IN_FRAMEWORK_HEADER = YES;
				CLANG_WARN_RANGE_LOOP_ANALYSIS = YES;
				CLANG_WARN_STRICT_PROTOTYPES = YES;
				CLANG_WARN_SUSPICIOUS_MOVE = YES;
				CLANG_WARN_UNGUARDED_AVAILABILITY = YES_AGGRESSIVE;
				CLANG_WARN_UNREACHABLE_CODE = YES;
				CLANG_WARN__DUPLICATE_METHOD_MATCH = YES;
				COPY_PHASE_STRIP = NO;
				DEBUG_INFORMATION_FORMAT = "dwarf-with-dsym";
				ENABLE_NS_ASSERTIONS = NO;
				ENABLE_STRICT_OBJC_MSGSEND = YES;
				GCC_C_LANGUAGE_STANDARD = gnu11;
				GCC_NO_COMMON_BLOCKS = YES;
				GCC_WARN_64_TO_32_BIT_CONVERSION = YES;
				GCC_WARN_ABOUT_RETURN_TYPE = YES_ERROR;
				GCC_WARN_UNDECLARED_SELECTOR = YES;
				GCC_WARN_UNINITIALIZED_AUTOS = YES_AGGRESSIVE;
				GCC_WARN_UNUSED_FUNCTION = YES;
				GCC_WARN_UNUSED_VARIABLE = YES;
				IPHONEOS_DEPLOYMENT_TARGET = 15.4;
				MTL_ENABLE_DEBUG_INFO = NO;
				MTL_FAST_MATH = YES;
				SDKROOT = iphoneos;
				SWIFT_COMPILATION_MODE = wholemodule;
				SWIFT_OPTIMIZATION_LEVEL = "-O";
				VALIDATE_PRODUCT = YES;
			};
			name = Release;
		};
		B4B4E56C281E61C200DE05FC /* Debug */ = {
			isa = XCBuildConfiguration;
			buildSettings = {
				ASSETCATALOG_COMPILER_APPICON_NAME = AppIcon;
				ASSETCATALOG_COMPILER_GLOBAL_ACCENT_COLOR_NAME = AccentColor;
				CODE_SIGN_STYLE = Automatic;
				CURRENT_PROJECT_VERSION = 1;
				GENERATE_INFOPLIST_FILE = YES;
				INFOPLIST_FILE = StromViewer/Info.plist;
				INFOPLIST_KEY_UIApplicationSupportsIndirectInputEvents = YES;
				INFOPLIST_KEY_UILaunchStoryboardName = LaunchScreen;
				INFOPLIST_KEY_UIMainStoryboardFile = Main;
				INFOPLIST_KEY_UISupportedInterfaceOrientations_iPad = "UIInterfaceOrientationPortrait UIInterfaceOrientationPortraitUpsideDown UIInterfaceOrientationLandscapeLeft UIInterfaceOrientationLandscapeRight";
				INFOPLIST_KEY_UISupportedInterfaceOrientations_iPhone = "UIInterfaceOrientationPortrait UIInterfaceOrientationLandscapeLeft UIInterfaceOrientationLandscapeRight";
				LD_RUNPATH_SEARCH_PATHS = (
					"$(inherited)",
					"@executable_path/Frameworks",
				);
				MARKETING_VERSION = 1.0;
				PRODUCT_BUNDLE_IDENTIFIER = com.leleszi.StromViewer;
				PRODUCT_NAME = "$(TARGET_NAME)";
				SWIFT_EMIT_LOC_STRINGS = YES;
				SWIFT_VERSION = 5.0;
				TARGETED_DEVICE_FAMILY = "1,2";
			};
			name = Debug;
		};
		B4B4E56D281E61C200DE05FC /* Release */ = {
			isa = XCBuildConfiguration;
			buildSettings = {
				ASSETCATALOG_COMPILER_APPICON_NAME = AppIcon;
				ASSETCATALOG_COMPILER_GLOBAL_ACCENT_COLOR_NAME = AccentColor;
				CODE_SIGN_STYLE = Automatic;
				CURRENT_PROJECT_VERSION = 1;
				GENERATE_INFOPLIST_FILE = YES;
				INFOPLIST_FILE = StromViewer/Info.plist;
				INFOPLIST_KEY_UIApplicationSupportsIndirectInputEvents = YES;
				INFOPLIST_KEY_UILaunchStoryboardName = LaunchScreen;
				INFOPLIST_KEY_UIMainStoryboardFile = Main;
				INFOPLIST_KEY_UISupportedInterfaceOrientations_iPad = "UIInterfaceOrientationPortrait UIInterfaceOrientationPortraitUpsideDown UIInterfaceOrientationLandscapeLeft UIInterfaceOrientationLandscapeRight";
				INFOPLIST_KEY_UISupportedInterfaceOrientations_iPhone = "UIInterfaceOrientationPortrait UIInterfaceOrientationLandscapeLeft UIInterfaceOrientationLandscapeRight";
				LD_RUNPATH_SEARCH_PATHS = (
					"$(inherited)",
					"@executable_path/Frameworks",
				);
				MARKETING_VERSION = 1.0;
				PRODUCT_BUNDLE_IDENTIFIER = com.leleszi.StromViewer;
				PRODUCT_NAME = "$(TARGET_NAME)";
				SWIFT_EMIT_LOC_STRINGS = YES;
				SWIFT_VERSION = 5.0;
				TARGETED_DEVICE_FAMILY = "1,2";
			};
			name = Release;
		};
/* End XCBuildConfiguration section */

/* Begin XCConfigurationList section */
		B4B4E552281E61C100DE05FC /* Build configuration list for PBXProject "StromViewer" */ = {
			isa = XCConfigurationList;
			buildConfigurations = (
				B4B4E569281E61C200DE05FC /* Debug */,
				B4B4E56A281E61C200DE05FC /* Release */,
			);
			defaultConfigurationIsVisible = 0;
			defaultConfigurationName = Release;
		};
		B4B4E56B281E61C200DE05FC /* Build configuration list for PBXNativeTarget "StromViewer" */ = {
			isa = XCConfigurationList;
			buildConfigurations = (
				B4B4E56C281E61C200DE05FC /* Debug */,
				B4B4E56D281E61C200DE05FC /* Release */,
			);
			defaultConfigurationIsVisible = 0;
			defaultConfigurationName = Release;
		};
/* End XCConfigurationList section */
	};
	rootObject = B4B4E54F281E61C000DE05FC /* Project object */;
}
